
Microsoft Visual Studio Solution File, Format Version 12.00
# Visual Studio Version 17
VisualStudioVersion = 17.14.36203.30
MinimumVisualStudioVersion = 10.0.40219.1
Project("{FAE04EC0-301F-11D3-BF4B-00C04F79EFBC}") = "ChemistryV1", "ChemistryV1\ChemistryV1.csproj", "{2810B2B3-F932-4119-86CD-3766384931DF}"
EndProject
Global
	GlobalSection(SolutionConfigurationPlatforms) = preSolution
		Debug|Any CPU = Debug|Any CPU
		Release|Any CPU = Release|Any CPU
	EndGlobalSection
	GlobalSection(ProjectConfigurationPlatforms) = postSolution
		{2810B2B3-F932-4119-86CD-3766384931DF}.Debug|Any CPU.ActiveCfg = Debug|Any CPU
		{2810B2B3-F932-4119-86CD-3766384931DF}.Debug|Any CPU.Build.0 = Debug|Any CPU
		{2810B2B3-F932-4119-86CD-3766384931DF}.Release|Any CPU.ActiveCfg = Release|Any CPU
		{2810B2B3-F932-4119-86CD-3766384931DF}.Release|Any CPU.Build.0 = Release|Any CPU
	EndGlobalSection
	GlobalSection(SolutionProperties) = preSolution
		HideSolutionNode = FALSE
	EndGlobalSection
	GlobalSection(ExtensibilityGlobals) = postSolution
		SolutionGuid = {D8766D2D-C7E9-46F7-BFC2-12F027ED6332}
	EndGlobalSection
EndGlobal
